
Microsoft Visual Studio Solution File, Format Version 12.00
# Visual Studio Version 16
VisualStudioVersion = 16.0.31410.357
MinimumVisualStudioVersion = 10.0.40219.1
Project("{FAE04EC0-301F-11D3-BF4B-00C04F79EFBC}") = "helloworldprogram", "helloworldprogram\helloworldprogram.csproj", "{16D15B7B-9B3A-4E44-A12C-E164EE82CA9B}"
EndProject
Global
	GlobalSection(SolutionConfigurationPlatforms) = preSolution
		Debug|Any CPU = Debug|Any CPU
		Release|Any CPU = Release|Any CPU
	EndGlobalSection
	GlobalSection(ProjectConfigurationPlatforms) = postSolution
		{16D15B7B-9B3A-4E44-A12C-E164EE82CA9B}.Debug|Any CPU.ActiveCfg = Debug|Any CPU
		{16D15B7B-9B3A-4E44-A12C-E164EE82CA9B}.Debug|Any CPU.Build.0 = Debug|Any CPU
		{16D15B7B-9B3A-4E44-A12C-E164EE82CA9B}.Release|Any CPU.ActiveCfg = Release|Any CPU
		{16D15B7B-9B3A-4E44-A12C-E164EE82CA9B}.Release|Any CPU.Build.0 = Release|Any CPU
	EndGlobalSection
	GlobalSection(SolutionProperties) = preSolution
		HideSolutionNode = FALSE
	EndGlobalSection
	GlobalSection(ExtensibilityGlobals) = postSolution
		SolutionGuid = {8332D2BB-9661-4D3D-9585-A73E405E33F1}
	EndGlobalSection
EndGlobal
